
Microsoft Visual Studio Solution File, Format Version 12.00
# Visual Studio Version 17
VisualStudioVersion = 17.0.31903.59
MinimumVisualStudioVersion = 10.0.40219.1
Project("{FAE04EC0-301F-11D3-BF4B-00C04F79EFBC}") = "Aeronaves", "src\Aeronaves.csproj", "{11D1F871-5D9F-4FE8-861C-D1C7FBB863C4}"
EndProject
Project("{FAE04EC0-301F-11D3-BF4B-00C04F79EFBC}") = "Lib.Enum", "Lib.Enum\Lib.Enum.csproj", "{80EFDF3F-8235-425E-938F-785B47C0AAE7}"
EndProject
Global
	GlobalSection(SolutionConfigurationPlatforms) = preSolution
		Debug|Any CPU = Debug|Any CPU
		Release|Any CPU = Release|Any CPU
	EndGlobalSection
	GlobalSection(SolutionProperties) = preSolution
		HideSolutionNode = FALSE
	EndGlobalSection
	GlobalSection(ProjectConfigurationPlatforms) = postSolution
		{11D1F871-5D9F-4FE8-861C-D1C7FBB863C4}.Debug|Any CPU.ActiveCfg = Debug|Any CPU
		{11D1F871-5D9F-4FE8-861C-D1C7FBB863C4}.Debug|Any CPU.Build.0 = Debug|Any CPU
		{11D1F871-5D9F-4FE8-861C-D1C7FBB863C4}.Release|Any CPU.ActiveCfg = Release|Any CPU
		{11D1F871-5D9F-4FE8-861C-D1C7FBB863C4}.Release|Any CPU.Build.0 = Release|Any CPU
		{80EFDF3F-8235-425E-938F-785B47C0AAE7}.Debug|Any CPU.ActiveCfg = Debug|Any CPU
		{80EFDF3F-8235-425E-938F-785B47C0AAE7}.Debug|Any CPU.Build.0 = Debug|Any CPU
		{80EFDF3F-8235-425E-938F-785B47C0AAE7}.Release|Any CPU.ActiveCfg = Release|Any CPU
		{80EFDF3F-8235-425E-938F-785B47C0AAE7}.Release|Any CPU.Build.0 = Release|Any CPU
	EndGlobalSection
EndGlobal
